{
    "_meta": {
        "hash": {
            "sha256": "388bcba7385a7ca7091abe0e98313a53b440064124dd849e9a47f93b15ad35b1"
        },
        "pipfile-spec": 6,
        "requires": {
            "python_version": "3.13"
        },
        "sources": [
            {
                "name": "pypi",
                "url": "https://pypi.org/simple",
                "verify_ssl": true
            }
        ]
    },
    "default": {},
    "develop": {
        "asttokens": {
            "hashes": [
                "sha256:0dcd8baa8d62b0c1d118b399b2ddba3c4aff271d0d7a9e0d4c1681c79035bbc7",
                "sha256:e3078351a059199dd5138cb1c706e6430c05eff2ff136af5eb4790f9d28932e2"
            ],
            "markers": "python_version >= '3.8'",
            "version": "==3.0.0"
        },
        "decorator": {
            "hashes": [
                "sha256:65f266143752f734b0a7cc83c46f4618af75b8c5911b00ccb61d0ac9b6da0360",
                "sha256:d316bb415a2d9e2d2b3abcc4084c6502fc09240e292cd76a76afc106a1c8e04a"
            ],
            "markers": "python_version >= '3.8'",
            "version": "==5.2.1"
        },
        "executing": {
            "hashes": [
                "sha256:11387150cad388d62750327a53d3339fad4888b39a6fe233c3afbb54ecffd3aa",
                "sha256:5d108c028108fe2551d1a7b2e8b713341e2cb4fc0aa7dcf966fa4327a5226755"
            ],
            "markers": "python_version >= '3.8'",
            "version": "==2.2.0"
        },
        "iniconfig": {
            "hashes": [
                "sha256:3abbd2e30b36733fee78f9c7f7308f2d0050e88f0087fd25c2645f63c773e1c7",
                "sha256:9deba5723312380e77435581c6bf4935c94cbfab9b1ed33ef8d238ea168eb760"
            ],
            "markers": "python_version >= '3.8'",
            "version": "==2.1.0"
        },
        "ipython": {
            "hashes": [
                "sha256:143ef3ea6fb1e1bffb4c74b114051de653ffb7737a3f7ab1670e657ca6ae8c44",
                "sha256:ec7b479e3e5656bf4f58c652c120494df1820f4f28f522fb7ca09e213c2aab52"
            ],
            "index": "pypi",
            "markers": "python_version >= '3.11'",
            "version": "==9.0.2"
        },
        "ipython-pygments-lexers": {
            "hashes": [
                "sha256:09c0138009e56b6854f9535736f4171d855c8c08a563a0dcd8022f78355c7e81",
                "sha256:a9462224a505ade19a605f71f8fa63c2048833ce50abc86768a0d81d876dc81c"
            ],
            "markers": "python_version >= '3.8'",
            "version": "==1.1.1"
        },
        "jedi": {
            "hashes": [
                "sha256:4770dc3de41bde3966b02eb84fbcf557fb33cce26ad23da12c742fb50ecb11f0",
                "sha256:a8ef22bde8490f57fe5c7681a3c83cb58874daf72b4784de3cce5b6ef6edb5b9"
            ],
            "markers": "python_version >= '3.6'",
            "version": "==0.19.2"
        },
        "matplotlib-inline": {
            "hashes": [
                "sha256:8423b23ec666be3d16e16b60bdd8ac4e86e840ebd1dd11a30b9f117f2fa0ab90",
                "sha256:df192d39a4ff8f21b1895d72e6a13f5fcc5099f00fa84384e0ea28c2cc0653ca"
            ],
            "markers": "python_version >= '3.8'",
            "version": "==0.1.7"
        },
        "packaging": {
            "hashes": [
                "sha256:09abb1bccd265c01f4a3aa3f7a7db064b36514d2cba19a2f694fe6150451a759",
                "sha256:c228a6dc5e932d346bc5739379109d49e8853dd8223571c7c5b55260edc0b97f"
            ],
            "markers": "python_version >= '3.8'",
            "version": "==24.2"
        },
        "parso": {
            "hashes": [
                "sha256:a418670a20291dacd2dddc80c377c5c3791378ee1e8d12bffc35420643d43f18",
                "sha256:eb3a7b58240fb99099a345571deecc0f9540ea5f4dd2fe14c2a99d6b281ab92d"
            ],
            "markers": "python_version >= '3.6'",
            "version": "==0.8.4"
        },
        "pexpect": {
            "hashes": [
                "sha256:7236d1e080e4936be2dc3e326cec0af72acf9212a7e1d060210e70a47e253523",
                "sha256:ee7d41123f3c9911050ea2c2dac107568dc43b2d3b0c7557a33212c398ead30f"
            ],
            "markers": "sys_platform != 'win32' and sys_platform != 'emscripten'",
            "version": "==4.9.0"
        },
        "pluggy": {
            "hashes": [
                "sha256:2cffa88e94fdc978c4c574f15f9e59b7f4201d439195c3715ca9e2486f1d0cf1",
                "sha256:44e1ad92c8ca002de6377e165f3e0f1be63266ab4d554740532335b9d75ea669"
            ],
            "markers": "python_version >= '3.8'",
            "version": "==1.5.0"
        },
        "prompt-toolkit": {
            "hashes": [
                "sha256:544748f3860a2623ca5cd6d2795e7a14f3d0e1c3c9728359013f79877fc89bab",
                "sha256:9b6427eb19e479d98acff65196a307c555eb567989e6d88ebbb1b509d9779198"
            ],
            "markers": "python_full_version >= '3.8.0'",
            "version": "==3.0.50"
        },
        "ptyprocess": {
            "hashes": [
                "sha256:4b41f3967fce3af57cc7e94b888626c18bf37a083e3651ca8feeb66d492fef35",
                "sha256:5c5d0a3b48ceee0b48485e0c26037c0acd7d29765ca3fbb5cb3831d347423220"
            ],
            "version": "==0.7.0"
        },
        "pure-eval": {
            "hashes": [
                "sha256:1db8e35b67b3d218d818ae653e27f06c3aa420901fa7b081ca98cbedc874e0d0",
                "sha256:5f4e983f40564c576c7c8635ae88db5956bb2229d7e9237d03b3c0b0190eaf42"
            ],
            "version": "==0.2.3"
        },
        "pygments": {
            "hashes": [
                "sha256:61c16d2a8576dc0649d9f39e089b5f02bcd27fba10d8fb4dcc28173f7a45151f",
                "sha256:9ea1544ad55cecf4b8242fab6dd35a93bbce657034b0611ee383099054ab6d8c"
            ],
            "markers": "python_version >= '3.8'",
            "version": "==2.19.1"
        },
        "pytest": {
            "hashes": [
                "sha256:c69214aa47deac29fad6c2a4f590b9c4a9fdb16a403176fe154b79c0b4d4d820",
                "sha256:f4efe70cc14e511565ac476b57c279e12a855b11f48f212af1080ef2263d3845"
            ],
            "index": "pypi",
            "markers": "python_version >= '3.8'",
            "version": "==8.3.5"
        },
        "stack-data": {
            "hashes": [
                "sha256:836a778de4fec4dcd1dcd89ed8abff8a221f58308462e1c4aa2a3cf30148f0b9",
                "sha256:d5558e0c25a4cb0853cddad3d77da9891a08cb85dd9f9f91b9f8cd66e511e695"
            ],
            "version": "==0.6.3"
        },
        "traitlets": {
            "hashes": [
                "sha256:9ed0579d3502c94b4b3732ac120375cda96f923114522847de4b3bb98b96b6b7",
                "sha256:b74e89e397b1ed28cc831db7aea759ba6640cb3de13090ca145426688ff1ac4f"
            ],
            "markers": "python_version >= '3.8'",
            "version": "==5.14.3"
        },
        "wcwidth": {
            "hashes": [
                "sha256:3da69048e4540d84af32131829ff948f1e022c1c6bdb8d6102117aac784f6859",
                "sha256:72ea0c06399eb286d978fdedb6923a9eb47e1c486ce63e9b4e64fc18303972b5"
            ],
            "version": "==0.2.13"
        }
    }
}
